
Microsoft Visual Studio Solution File, Format Version 12.00
# Visual Studio Version 16
VisualStudioVersion = 16.0.30907.101
MinimumVisualStudioVersion = 15.0.26124.0
Project("{9A19103F-16F7-4668-BE54-9A1E7A4F7556}") = "ProjectTemplate.WebApi", "src\ProjectTemplate.WebApi\ProjectTemplate.WebApi.csproj", "{D82FDA25-FD76-438D-8D5F-D1E3E8AB609F}"
EndProject
Project("{9A19103F-16F7-4668-BE54-9A1E7A4F7556}") = "ProjectTemplate.Dto", "src\ProjectTemplate.Dto\ProjectTemplate.Dto.csproj", "{883BB5A8-B00E-4CC0-9485-BB2B3775947C}"
EndProject
Project("{9A19103F-16F7-4668-BE54-9A1E7A4F7556}") = "ProjectTemplate.Application", "src\ProjectTemplate.Application\ProjectTemplate.Application.csproj", "{F753C16A-A1E3-47B6-BF6F-EAF2500D35C5}"
EndProject
Project("{9A19103F-16F7-4668-BE54-9A1E7A4F7556}") = "ProjectTemplate.Domain", "src\ProjectTemplate.Domain\ProjectTemplate.Domain.csproj", "{F6DA5880-0EA0-44E1-B808-2336D78E7A3C}"
EndProject
Project("{9A19103F-16F7-4668-BE54-9A1E7A4F7556}") = "ProjectTemplate.Framework", "src\ProjectTemplate.Framework\ProjectTemplate.Framework.csproj", "{6A8C7F39-7D05-4E91-9E33-6D46BDE93672}"
EndProject
Project("{9A19103F-16F7-4668-BE54-9A1E7A4F7556}") = "ProjectTemplate.Framework.Test", "test\ProjectTemplate.Framework.Test\ProjectTemplate.Framework.Test.csproj", "{F45BC504-E7E9-49A8-AB2A-5442F036A9E5}"
EndProject
Project("{9A19103F-16F7-4668-BE54-9A1E7A4F7556}") = "ProjectTemplate.Infrastructure", "src\ProjectTemplate.Infrastructure\ProjectTemplate.Infrastructure.csproj", "{5377F35F-5A0E-47C1-AEEB-DCDC65A7C942}"
EndProject
Project("{9A19103F-16F7-4668-BE54-9A1E7A4F7556}") = "ProjectTemplate.Query.Dto", "src\ProjectTemplate.Query.Dto\ProjectTemplate.Query.Dto.csproj", "{99815BAB-210A-443B-AFB4-457775F84BE6}"
EndProject
Project("{9A19103F-16F7-4668-BE54-9A1E7A4F7556}") = "ProjectTemplate.Query.Infrastructure", "src\ProjectTemplate.Query.Infrastructure\ProjectTemplate.Query.Infrastructure.csproj", "{3DD6A0B9-D21F-44E4-B323-ACE510966CE1}"
EndProject
Project("{9A19103F-16F7-4668-BE54-9A1E7A4F7556}") = "ProjectTemplate.Query.Application", "src\ProjectTemplate.Query.Application\ProjectTemplate.Query.Application.csproj", "{E36AA05A-7B2C-4EEB-A2AA-73FCD35FF9AF}"
EndProject
Project("{2150E333-8FDC-42A3-9474-1A3956D46DE8}") = "1. WebServices", "1. WebServices", "{142EC76A-8605-46D4-9235-1B523A072A9B}"
EndProject
Project("{2150E333-8FDC-42A3-9474-1A3956D46DE8}") = "2. Application", "2. Application", "{AC73D172-A902-48A8-A961-AD3A581B6077}"
EndProject
Project("{2150E333-8FDC-42A3-9474-1A3956D46DE8}") = "3. Domain", "3. Domain", "{2170F0C4-A346-4253-8FF6-1F1898E9063C}"
EndProject
Project("{2150E333-8FDC-42A3-9474-1A3956D46DE8}") = "4. Shared", "4. Shared", "{EF487A41-7357-4D18-BDA5-4E028652BC11}"
EndProject
Project("{2150E333-8FDC-42A3-9474-1A3956D46DE8}") = "5. Infrastructure", "5. Infrastructure", "{89860745-D829-4D1B-99FE-C24B203B4E41}"
EndProject
Project("{2150E333-8FDC-42A3-9474-1A3956D46DE8}") = "6. Framework", "6. Framework", "{EC146F1D-4271-4AC4-BF37-AF0C9B9DD9CF}"
EndProject
Project("{2150E333-8FDC-42A3-9474-1A3956D46DE8}") = "Test", "Test", "{D5A86D62-0C65-4FB7-85CC-B7E53A57193F}"
EndProject
Global
	GlobalSection(SolutionConfigurationPlatforms) = preSolution
		Debug|Any CPU = Debug|Any CPU
		Debug|x64 = Debug|x64
		Debug|x86 = Debug|x86
		Release|Any CPU = Release|Any CPU
		Release|x64 = Release|x64
		Release|x86 = Release|x86
	EndGlobalSection
	GlobalSection(ProjectConfigurationPlatforms) = postSolution
		{D82FDA25-FD76-438D-8D5F-D1E3E8AB609F}.Debug|Any CPU.ActiveCfg = Debug|Any CPU
		{D82FDA25-FD76-438D-8D5F-D1E3E8AB609F}.Debug|Any CPU.Build.0 = Debug|Any CPU
		{D82FDA25-FD76-438D-8D5F-D1E3E8AB609F}.Debug|x64.ActiveCfg = Debug|Any CPU
		{D82FDA25-FD76-438D-8D5F-D1E3E8AB609F}.Debug|x64.Build.0 = Debug|Any CPU
		{D82FDA25-FD76-438D-8D5F-D1E3E8AB609F}.Debug|x86.ActiveCfg = Debug|Any CPU
		{D82FDA25-FD76-438D-8D5F-D1E3E8AB609F}.Debug|x86.Build.0 = Debug|Any CPU
		{D82FDA25-FD76-438D-8D5F-D1E3E8AB609F}.Release|Any CPU.ActiveCfg = Release|Any CPU
		{D82FDA25-FD76-438D-8D5F-D1E3E8AB609F}.Release|Any CPU.Build.0 = Release|Any CPU
		{D82FDA25-FD76-438D-8D5F-D1E3E8AB609F}.Release|x64.ActiveCfg = Release|Any CPU
		{D82FDA25-FD76-438D-8D5F-D1E3E8AB609F}.Release|x64.Build.0 = Release|Any CPU
		{D82FDA25-FD76-438D-8D5F-D1E3E8AB609F}.Release|x86.ActiveCfg = Release|Any CPU
		{D82FDA25-FD76-438D-8D5F-D1E3E8AB609F}.Release|x86.Build.0 = Release|Any CPU
		{883BB5A8-B00E-4CC0-9485-BB2B3775947C}.Debug|Any CPU.ActiveCfg = Debug|Any CPU
		{883BB5A8-B00E-4CC0-9485-BB2B3775947C}.Debug|Any CPU.Build.0 = Debug|Any CPU
		{883BB5A8-B00E-4CC0-9485-BB2B3775947C}.Debug|x64.ActiveCfg = Debug|Any CPU
		{883BB5A8-B00E-4CC0-9485-BB2B3775947C}.Debug|x64.Build.0 = Debug|Any CPU
		{883BB5A8-B00E-4CC0-9485-BB2B3775947C}.Debug|x86.ActiveCfg = Debug|Any CPU
		{883BB5A8-B00E-4CC0-9485-BB2B3775947C}.Debug|x86.Build.0 = Debug|Any CPU
		{883BB5A8-B00E-4CC0-9485-BB2B3775947C}.Release|Any CPU.ActiveCfg = Release|Any CPU
		{883BB5A8-B00E-4CC0-9485-BB2B3775947C}.Release|Any CPU.Build.0 = Release|Any CPU
		{883BB5A8-B00E-4CC0-9485-BB2B3775947C}.Release|x64.ActiveCfg = Release|Any CPU
		{883BB5A8-B00E-4CC0-9485-BB2B3775947C}.Release|x64.Build.0 = Release|Any CPU
		{883BB5A8-B00E-4CC0-9485-BB2B3775947C}.Release|x86.ActiveCfg = Release|Any CPU
		{883BB5A8-B00E-4CC0-9485-BB2B3775947C}.Release|x86.Build.0 = Release|Any CPU
		{F753C16A-A1E3-47B6-BF6F-EAF2500D35C5}.Debug|Any CPU.ActiveCfg = Debug|Any CPU
		{F753C16A-A1E3-47B6-BF6F-EAF2500D35C5}.Debug|Any CPU.Build.0 = Debug|Any CPU
		{F753C16A-A1E3-47B6-BF6F-EAF2500D35C5}.Debug|x64.ActiveCfg = Debug|Any CPU
		{F753C16A-A1E3-47B6-BF6F-EAF2500D35C5}.Debug|x64.Build.0 = Debug|Any CPU
		{F753C16A-A1E3-47B6-BF6F-EAF2500D35C5}.Debug|x86.ActiveCfg = Debug|Any CPU
		{F753C16A-A1E3-47B6-BF6F-EAF2500D35C5}.Debug|x86.Build.0 = Debug|Any CPU
		{F753C16A-A1E3-47B6-BF6F-EAF2500D35C5}.Release|Any CPU.ActiveCfg = Release|Any CPU
		{F753C16A-A1E3-47B6-BF6F-EAF2500D35C5}.Release|Any CPU.Build.0 = Release|Any CPU
		{F753C16A-A1E3-47B6-BF6F-EAF2500D35C5}.Release|x64.ActiveCfg = Release|Any CPU
		{F753C16A-A1E3-47B6-BF6F-EAF2500D35C5}.Release|x64.Build.0 = Release|Any CPU
		{F753C16A-A1E3-47B6-BF6F-EAF2500D35C5}.Release|x86.ActiveCfg = Release|Any CPU
		{F753C16A-A1E3-47B6-BF6F-EAF2500D35C5}.Release|x86.Build.0 = Release|Any CPU
		{F6DA5880-0EA0-44E1-B808-2336D78E7A3C}.Debug|Any CPU.ActiveCfg = Debug|Any CPU
		{F6DA5880-0EA0-44E1-B808-2336D78E7A3C}.Debug|Any CPU.Build.0 = Debug|Any CPU
		{F6DA5880-0EA0-44E1-B808-2336D78E7A3C}.Debug|x64.ActiveCfg = Debug|Any CPU
		{F6DA5880-0EA0-44E1-B808-2336D78E7A3C}.Debug|x64.Build.0 = Debug|Any CPU
		{F6DA5880-0EA0-44E1-B808-2336D78E7A3C}.Debug|x86.ActiveCfg = Debug|Any CPU
		{F6DA5880-0EA0-44E1-B808-2336D78E7A3C}.Debug|x86.Build.0 = Debug|Any CPU
		{F6DA5880-0EA0-44E1-B808-2336D78E7A3C}.Release|Any CPU.ActiveCfg = Release|Any CPU
		{F6DA5880-0EA0-44E1-B808-2336D78E7A3C}.Release|Any CPU.Build.0 = Release|Any CPU
		{F6DA5880-0EA0-44E1-B808-2336D78E7A3C}.Release|x64.ActiveCfg = Release|Any CPU
		{F6DA5880-0EA0-44E1-B808-2336D78E7A3C}.Release|x64.Build.0 = Release|Any CPU
		{F6DA5880-0EA0-44E1-B808-2336D78E7A3C}.Release|x86.ActiveCfg = Release|Any CPU
		{F6DA5880-0EA0-44E1-B808-2336D78E7A3C}.Release|x86.Build.0 = Release|Any CPU
		{6A8C7F39-7D05-4E91-9E33-6D46BDE93672}.Debug|Any CPU.ActiveCfg = Debug|Any CPU
		{6A8C7F39-7D05-4E91-9E33-6D46BDE93672}.Debug|Any CPU.Build.0 = Debug|Any CPU
		{6A8C7F39-7D05-4E91-9E33-6D46BDE93672}.Debug|x64.ActiveCfg = Debug|Any CPU
		{6A8C7F39-7D05-4E91-9E33-6D46BDE93672}.Debug|x64.Build.0 = Debug|Any CPU
		{6A8C7F39-7D05-4E91-9E33-6D46BDE93672}.Debug|x86.ActiveCfg = Debug|Any CPU
		{6A8C7F39-7D05-4E91-9E33-6D46BDE93672}.Debug|x86.Build.0 = Debug|Any CPU
		{6A8C7F39-7D05-4E91-9E33-6D46BDE93672}.Release|Any CPU.ActiveCfg = Release|Any CPU
		{6A8C7F39-7D05-4E91-9E33-6D46BDE93672}.Release|Any CPU.Build.0 = Release|Any CPU
		{6A8C7F39-7D05-4E91-9E33-6D46BDE93672}.Release|x64.ActiveCfg = Release|Any CPU
		{6A8C7F39-7D05-4E91-9E33-6D46BDE93672}.Release|x64.Build.0 = Release|Any CPU
		{6A8C7F39-7D05-4E91-9E33-6D46BDE93672}.Release|x86.ActiveCfg = Release|Any CPU
		{6A8C7F39-7D05-4E91-9E33-6D46BDE93672}.Release|x86.Build.0 = Release|Any CPU
		{F45BC504-E7E9-49A8-AB2A-5442F036A9E5}.Debug|Any CPU.ActiveCfg = Debug|Any CPU
		{F45BC504-E7E9-49A8-AB2A-5442F036A9E5}.Debug|Any CPU.Build.0 = Debug|Any CPU
		{F45BC504-E7E9-49A8-AB2A-5442F036A9E5}.Debug|x64.ActiveCfg = Debug|Any CPU
		{F45BC504-E7E9-49A8-AB2A-5442F036A9E5}.Debug|x64.Build.0 = Debug|Any CPU
		{F45BC504-E7E9-49A8-AB2A-5442F036A9E5}.Debug|x86.ActiveCfg = Debug|Any CPU
		{F45BC504-E7E9-49A8-AB2A-5442F036A9E5}.Debug|x86.Build.0 = Debug|Any CPU
		{F45BC504-E7E9-49A8-AB2A-5442F036A9E5}.Release|Any CPU.ActiveCfg = Release|Any CPU
		{F45BC504-E7E9-49A8-AB2A-5442F036A9E5}.Release|Any CPU.Build.0 = Release|Any CPU
		{F45BC504-E7E9-49A8-AB2A-5442F036A9E5}.Release|x64.ActiveCfg = Release|Any CPU
		{F45BC504-E7E9-49A8-AB2A-5442F036A9E5}.Release|x64.Build.0 = Release|Any CPU
		{F45BC504-E7E9-49A8-AB2A-5442F036A9E5}.Release|x86.ActiveCfg = Release|Any CPU
		{F45BC504-E7E9-49A8-AB2A-5442F036A9E5}.Release|x86.Build.0 = Release|Any CPU
		{5377F35F-5A0E-47C1-AEEB-DCDC65A7C942}.Debug|Any CPU.ActiveCfg = Debug|Any CPU
		{5377F35F-5A0E-47C1-AEEB-DCDC65A7C942}.Debug|Any CPU.Build.0 = Debug|Any CPU
		{5377F35F-5A0E-47C1-AEEB-DCDC65A7C942}.Debug|x64.ActiveCfg = Debug|Any CPU
		{5377F35F-5A0E-47C1-AEEB-DCDC65A7C942}.Debug|x64.Build.0 = Debug|Any CPU
		{5377F35F-5A0E-47C1-AEEB-DCDC65A7C942}.Debug|x86.ActiveCfg = Debug|Any CPU
		{5377F35F-5A0E-47C1-AEEB-DCDC65A7C942}.Debug|x86.Build.0 = Debug|Any CPU
		{5377F35F-5A0E-47C1-AEEB-DCDC65A7C942}.Release|Any CPU.ActiveCfg = Release|Any CPU
		{5377F35F-5A0E-47C1-AEEB-DCDC65A7C942}.Release|Any CPU.Build.0 = Release|Any CPU
		{5377F35F-5A0E-47C1-AEEB-DCDC65A7C942}.Release|x64.ActiveCfg = Release|Any CPU
		{5377F35F-5A0E-47C1-AEEB-DCDC65A7C942}.Release|x64.Build.0 = Release|Any CPU
		{5377F35F-5A0E-47C1-AEEB-DCDC65A7C942}.Release|x86.ActiveCfg = Release|Any CPU
		{5377F35F-5A0E-47C1-AEEB-DCDC65A7C942}.Release|x86.Build.0 = Release|Any CPU
		{99815BAB-210A-443B-AFB4-457775F84BE6}.Debug|Any CPU.ActiveCfg = Debug|Any CPU
		{99815BAB-210A-443B-AFB4-457775F84BE6}.Debug|Any CPU.Build.0 = Debug|Any CPU
		{99815BAB-210A-443B-AFB4-457775F84BE6}.Debug|x64.ActiveCfg = Debug|Any CPU
		{99815BAB-210A-443B-AFB4-457775F84BE6}.Debug|x64.Build.0 = Debug|Any CPU
		{99815BAB-210A-443B-AFB4-457775F84BE6}.Debug|x86.ActiveCfg = Debug|Any CPU
		{99815BAB-210A-443B-AFB4-457775F84BE6}.Debug|x86.Build.0 = Debug|Any CPU
		{99815BAB-210A-443B-AFB4-457775F84BE6}.Release|Any CPU.ActiveCfg = Release|Any CPU
		{99815BAB-210A-443B-AFB4-457775F84BE6}.Release|Any CPU.Build.0 = Release|Any CPU
		{99815BAB-210A-443B-AFB4-457775F84BE6}.Release|x64.ActiveCfg = Release|Any CPU
		{99815BAB-210A-443B-AFB4-457775F84BE6}.Release|x64.Build.0 = Release|Any CPU
		{99815BAB-210A-443B-AFB4-457775F84BE6}.Release|x86.ActiveCfg = Release|Any CPU
		{99815BAB-210A-443B-AFB4-457775F84BE6}.Release|x86.Build.0 = Release|Any CPU
		{3DD6A0B9-D21F-44E4-B323-ACE510966CE1}.Debug|Any CPU.ActiveCfg = Debug|Any CPU
		{3DD6A0B9-D21F-44E4-B323-ACE510966CE1}.Debug|Any CPU.Build.0 = Debug|Any CPU
		{3DD6A0B9-D21F-44E4-B323-ACE510966CE1}.Debug|x64.ActiveCfg = Debug|Any CPU
		{3DD6A0B9-D21F-44E4-B323-ACE510966CE1}.Debug|x64.Build.0 = Debug|Any CPU
		{3DD6A0B9-D21F-44E4-B323-ACE510966CE1}.Debug|x86.ActiveCfg = Debug|Any CPU
		{3DD6A0B9-D21F-44E4-B323-ACE510966CE1}.Debug|x86.Build.0 = Debug|Any CPU
		{3DD6A0B9-D21F-44E4-B323-ACE510966CE1}.Release|Any CPU.ActiveCfg = Release|Any CPU
		{3DD6A0B9-D21F-44E4-B323-ACE510966CE1}.Release|Any CPU.Build.0 = Release|Any CPU
		{3DD6A0B9-D21F-44E4-B323-ACE510966CE1}.Release|x64.ActiveCfg = Release|Any CPU
		{3DD6A0B9-D21F-44E4-B323-ACE510966CE1}.Release|x64.Build.0 = Release|Any CPU
		{3DD6A0B9-D21F-44E4-B323-ACE510966CE1}.Release|x86.ActiveCfg = Release|Any CPU
		{3DD6A0B9-D21F-44E4-B323-ACE510966CE1}.Release|x86.Build.0 = Release|Any CPU
		{E36AA05A-7B2C-4EEB-A2AA-73FCD35FF9AF}.Debug|Any CPU.ActiveCfg = Debug|Any CPU
		{E36AA05A-7B2C-4EEB-A2AA-73FCD35FF9AF}.Debug|Any CPU.Build.0 = Debug|Any CPU
		{E36AA05A-7B2C-4EEB-A2AA-73FCD35FF9AF}.Debug|x64.ActiveCfg = Debug|Any CPU
		{E36AA05A-7B2C-4EEB-A2AA-73FCD35FF9AF}.Debug|x64.Build.0 = Debug|Any CPU
		{E36AA05A-7B2C-4EEB-A2AA-73FCD35FF9AF}.Debug|x86.ActiveCfg = Debug|Any CPU
		{E36AA05A-7B2C-4EEB-A2AA-73FCD35FF9AF}.Debug|x86.Build.0 = Debug|Any CPU
		{E36AA05A-7B2C-4EEB-A2AA-73FCD35FF9AF}.Release|Any CPU.ActiveCfg = Release|Any CPU
		{E36AA05A-7B2C-4EEB-A2AA-73FCD35FF9AF}.Release|Any CPU.Build.0 = Release|Any CPU
		{E36AA05A-7B2C-4EEB-A2AA-73FCD35FF9AF}.Release|x64.ActiveCfg = Release|Any CPU
		{E36AA05A-7B2C-4EEB-A2AA-73FCD35FF9AF}.Release|x64.Build.0 = Release|Any CPU
		{E36AA05A-7B2C-4EEB-A2AA-73FCD35FF9AF}.Release|x86.ActiveCfg = Release|Any CPU
		{E36AA05A-7B2C-4EEB-A2AA-73FCD35FF9AF}.Release|x86.Build.0 = Release|Any CPU
	EndGlobalSection
	GlobalSection(SolutionProperties) = preSolution
		HideSolutionNode = FALSE
	EndGlobalSection
	GlobalSection(NestedProjects) = preSolution
		{D82FDA25-FD76-438D-8D5F-D1E3E8AB609F} = {142EC76A-8605-46D4-9235-1B523A072A9B}
		{883BB5A8-B00E-4CC0-9485-BB2B3775947C} = {EF487A41-7357-4D18-BDA5-4E028652BC11}
		{F753C16A-A1E3-47B6-BF6F-EAF2500D35C5} = {AC73D172-A902-48A8-A961-AD3A581B6077}
		{F6DA5880-0EA0-44E1-B808-2336D78E7A3C} = {2170F0C4-A346-4253-8FF6-1F1898E9063C}
		{6A8C7F39-7D05-4E91-9E33-6D46BDE93672} = {EC146F1D-4271-4AC4-BF37-AF0C9B9DD9CF}
		{F45BC504-E7E9-49A8-AB2A-5442F036A9E5} = {D5A86D62-0C65-4FB7-85CC-B7E53A57193F}
		{5377F35F-5A0E-47C1-AEEB-DCDC65A7C942} = {89860745-D829-4D1B-99FE-C24B203B4E41}
		{99815BAB-210A-443B-AFB4-457775F84BE6} = {EF487A41-7357-4D18-BDA5-4E028652BC11}
		{3DD6A0B9-D21F-44E4-B323-ACE510966CE1} = {89860745-D829-4D1B-99FE-C24B203B4E41}
		{E36AA05A-7B2C-4EEB-A2AA-73FCD35FF9AF} = {AC73D172-A902-48A8-A961-AD3A581B6077}
	EndGlobalSection
	GlobalSection(ExtensibilityGlobals) = postSolution
		SolutionGuid = {43564357-C979-4BEA-A4AD-E053E93479E8}
	EndGlobalSection
EndGlobal
